
Microsoft Visual Studio Solution File, Format Version 12.00
# Visual Studio Version 17
VisualStudioVersion = 17.4.33205.214
MinimumVisualStudioVersion = 10.0.40219.1
Project("{FAE04EC0-301F-11D3-BF4B-00C04F79EFBC}") = "capitals.Android", "capitals.Android\capitals.Android.csproj", "{454AB61B-1CB2-4D2C-93D3-465B879DB383}"
EndProject
Project("{FAE04EC0-301F-11D3-BF4B-00C04F79EFBC}") = "capitals", "capitals\capitals.csproj", "{FBF920FD-BA39-4B22-88F3-31A836C7C83F}"
EndProject
Global
	GlobalSection(SolutionConfigurationPlatforms) = preSolution
		Debug|Any CPU = Debug|Any CPU
		Release|Any CPU = Release|Any CPU
	EndGlobalSection
	GlobalSection(ProjectConfigurationPlatforms) = postSolution
		{454AB61B-1CB2-4D2C-93D3-465B879DB383}.Debug|Any CPU.ActiveCfg = Debug|Any CPU
		{454AB61B-1CB2-4D2C-93D3-465B879DB383}.Debug|Any CPU.Build.0 = Debug|Any CPU
		{454AB61B-1CB2-4D2C-93D3-465B879DB383}.Debug|Any CPU.Deploy.0 = Debug|Any CPU
		{454AB61B-1CB2-4D2C-93D3-465B879DB383}.Release|Any CPU.ActiveCfg = Release|Any CPU
		{454AB61B-1CB2-4D2C-93D3-465B879DB383}.Release|Any CPU.Build.0 = Release|Any CPU
		{454AB61B-1CB2-4D2C-93D3-465B879DB383}.Release|Any CPU.Deploy.0 = Release|Any CPU
		{FBF920FD-BA39-4B22-88F3-31A836C7C83F}.Debug|Any CPU.ActiveCfg = Debug|Any CPU
		{FBF920FD-BA39-4B22-88F3-31A836C7C83F}.Debug|Any CPU.Build.0 = Debug|Any CPU
		{FBF920FD-BA39-4B22-88F3-31A836C7C83F}.Debug|Any CPU.Deploy.0 = Debug|Any CPU
		{FBF920FD-BA39-4B22-88F3-31A836C7C83F}.Release|Any CPU.ActiveCfg = Release|Any CPU
		{FBF920FD-BA39-4B22-88F3-31A836C7C83F}.Release|Any CPU.Build.0 = Release|Any CPU
		{FBF920FD-BA39-4B22-88F3-31A836C7C83F}.Release|Any CPU.Deploy.0 = Release|Any CPU
	EndGlobalSection
	GlobalSection(SolutionProperties) = preSolution
		HideSolutionNode = FALSE
	EndGlobalSection
	GlobalSection(ExtensibilityGlobals) = postSolution
		SolutionGuid = {3C409A87-6681-460C-BDC6-09FF27E7FC67}
	EndGlobalSection
EndGlobal
